
Microsoft Visual Studio Solution File, Format Version 12.00
# Visual Studio Version 16
VisualStudioVersion = 16.0.30114.105
MinimumVisualStudioVersion = 10.0.40219.1
Project("{FAE04EC0-301F-11D3-BF4B-00C04F79EFBC}") = "DomainModel.Generator.CLI", "DomainModel.Generator.CLI\DomainModel.Generator.CLI.csproj", "{B50FC0EA-051A-4327-9E1E-F9D0C78297A2}"
EndProject
Project("{FAE04EC0-301F-11D3-BF4B-00C04F79EFBC}") = "DomainModel.Generator.CLI.Tests", "DomainModel.Generator.CLI.Tests\DomainModel.Generator.CLI.Tests.csproj", "{125E9D34-1FB4-4FAC-BA8B-1BC9F38A413B}"
EndProject
Project("{FAE04EC0-301F-11D3-BF4B-00C04F79EFBC}") = "DomainModel.Generator.Mermaid", "DomainModel.Generator.Mermaid\DomainModel.Generator.Mermaid.csproj", "{4A69AFE1-67A8-4C2C-B70D-53F087B15A9F}"
EndProject
Project("{FAE04EC0-301F-11D3-BF4B-00C04F79EFBC}") = "DomainModel.Generator.Mermaid.Tests", "DomainModel.Generator.Mermaid.Tests\DomainModel.Generator.Mermaid.Tests.csproj", "{EB154889-947E-46DC-AAE3-3CE724D79340}"
EndProject
Global
	GlobalSection(SolutionConfigurationPlatforms) = preSolution
		Debug|Any CPU = Debug|Any CPU
		Release|Any CPU = Release|Any CPU
	EndGlobalSection
	GlobalSection(SolutionProperties) = preSolution
		HideSolutionNode = FALSE
	EndGlobalSection
	GlobalSection(ProjectConfigurationPlatforms) = postSolution
		{B50FC0EA-051A-4327-9E1E-F9D0C78297A2}.Debug|Any CPU.ActiveCfg = Debug|Any CPU
		{B50FC0EA-051A-4327-9E1E-F9D0C78297A2}.Debug|Any CPU.Build.0 = Debug|Any CPU
		{B50FC0EA-051A-4327-9E1E-F9D0C78297A2}.Release|Any CPU.ActiveCfg = Release|Any CPU
		{B50FC0EA-051A-4327-9E1E-F9D0C78297A2}.Release|Any CPU.Build.0 = Release|Any CPU
		{125E9D34-1FB4-4FAC-BA8B-1BC9F38A413B}.Debug|Any CPU.ActiveCfg = Debug|Any CPU
		{125E9D34-1FB4-4FAC-BA8B-1BC9F38A413B}.Debug|Any CPU.Build.0 = Debug|Any CPU
		{125E9D34-1FB4-4FAC-BA8B-1BC9F38A413B}.Release|Any CPU.ActiveCfg = Release|Any CPU
		{125E9D34-1FB4-4FAC-BA8B-1BC9F38A413B}.Release|Any CPU.Build.0 = Release|Any CPU
		{4A69AFE1-67A8-4C2C-B70D-53F087B15A9F}.Debug|Any CPU.ActiveCfg = Debug|Any CPU
		{4A69AFE1-67A8-4C2C-B70D-53F087B15A9F}.Debug|Any CPU.Build.0 = Debug|Any CPU
		{4A69AFE1-67A8-4C2C-B70D-53F087B15A9F}.Release|Any CPU.ActiveCfg = Release|Any CPU
		{4A69AFE1-67A8-4C2C-B70D-53F087B15A9F}.Release|Any CPU.Build.0 = Release|Any CPU
		{EB154889-947E-46DC-AAE3-3CE724D79340}.Debug|Any CPU.ActiveCfg = Debug|Any CPU
		{EB154889-947E-46DC-AAE3-3CE724D79340}.Debug|Any CPU.Build.0 = Debug|Any CPU
		{EB154889-947E-46DC-AAE3-3CE724D79340}.Release|Any CPU.ActiveCfg = Release|Any CPU
		{EB154889-947E-46DC-AAE3-3CE724D79340}.Release|Any CPU.Build.0 = Release|Any CPU
	EndGlobalSection
EndGlobal
